
Microsoft Visual Studio Solution File, Format Version 12.00
# Visual Studio Version 16
VisualStudioVersion = 16.0.30404.54
MinimumVisualStudioVersion = 10.0.40219.1
Project("{FAE04EC0-301F-11D3-BF4B-00C04F79EFBC}") = "Yabe", "Yabe.csproj", "{EE493B17-8185-406C-881F-1144092F01CB}"
EndProject
Project("{2150E333-8FDC-42A3-9474-1A3956D46DE8}") = ".git", ".git", "{732E8212-7831-4DC2-BF63-1198019B2323}"
	ProjectSection(SolutionItems) = preProject
		..\.gitattributes = ..\.gitattributes
		..\.gitignore = ..\.gitignore
	EndProjectSection
EndProject
Global
	GlobalSection(SolutionConfigurationPlatforms) = preSolution
		Debug|x86 = Debug|x86
		Release|x86 = Release|x86
	EndGlobalSection
	GlobalSection(ProjectConfigurationPlatforms) = postSolution
		{EE493B17-8185-406C-881F-1144092F01CB}.Debug|x86.ActiveCfg = Debug|x86
		{EE493B17-8185-406C-881F-1144092F01CB}.Debug|x86.Build.0 = Debug|x86
		{EE493B17-8185-406C-881F-1144092F01CB}.Release|x86.ActiveCfg = Release|x86
		{EE493B17-8185-406C-881F-1144092F01CB}.Release|x86.Build.0 = Release|x86
	EndGlobalSection
	GlobalSection(SolutionProperties) = preSolution
		HideSolutionNode = FALSE
	EndGlobalSection
	GlobalSection(ExtensibilityGlobals) = postSolution
		SolutionGuid = {33859A44-F927-410F-BCA9-8B276139C318}
	EndGlobalSection
EndGlobal
